
Microsoft Visual Studio Solution File, Format Version 12.00
# Visual Studio Version 17
VisualStudioVersion = 17.3.32901.215
MinimumVisualStudioVersion = 10.0.40219.1
Project("{FAE04EC0-301F-11D3-BF4B-00C04F79EFBC}") = "WSR02.Kukhar.AvaloniaUI", "WSR02.Kukhar.AvaloniaUI\WSR02.Kukhar.AvaloniaUI.csproj", "{2279FC98-2E59-40CA-B1D8-83E1EAC429CE}"
EndProject
Global
	GlobalSection(SolutionConfigurationPlatforms) = preSolution
		Debug|Any CPU = Debug|Any CPU
		Release|Any CPU = Release|Any CPU
	EndGlobalSection
	GlobalSection(ProjectConfigurationPlatforms) = postSolution
		{2279FC98-2E59-40CA-B1D8-83E1EAC429CE}.Debug|Any CPU.ActiveCfg = Debug|Any CPU
		{2279FC98-2E59-40CA-B1D8-83E1EAC429CE}.Debug|Any CPU.Build.0 = Debug|Any CPU
		{2279FC98-2E59-40CA-B1D8-83E1EAC429CE}.Release|Any CPU.ActiveCfg = Release|Any CPU
		{2279FC98-2E59-40CA-B1D8-83E1EAC429CE}.Release|Any CPU.Build.0 = Release|Any CPU
	EndGlobalSection
	GlobalSection(SolutionProperties) = preSolution
		HideSolutionNode = FALSE
	EndGlobalSection
	GlobalSection(ExtensibilityGlobals) = postSolution
		SolutionGuid = {E0111E5B-14EA-46F1-8391-557AFE18C926}
	EndGlobalSection
EndGlobal
